
Microsoft Visual Studio Solution File, Format Version 12.00
# Visual Studio Version 17
VisualStudioVersion = 17.0.31903.59
MinimumVisualStudioVersion = 10.0.40219.1
Project("{2150E333-8FDC-42A3-9474-1A3956D46DE8}") = "Aggregator", "Aggregator", "{8C8EA37B-CDA0-80C0-0590-DE7C94DAFE25}"
EndProject
Project("{FAE04EC0-301F-11D3-BF4B-00C04F79EFBC}") = "Transaction.Aggregator.Application", "Aggregator\Transaction.Aggregator.Application\Transaction.Aggregator.Application.csproj", "{0F695134-7DCD-4ADF-B752-9D598C8CAC27}"
EndProject
Project("{FAE04EC0-301F-11D3-BF4B-00C04F79EFBC}") = "Transaction.Aggregator.Domain", "Aggregator\Transaction.Aggregator.Domain\Transaction.Aggregator.Domain.csproj", "{1D5A952C-60BF-4040-9FD0-80C5EF416663}"
EndProject
Project("{FAE04EC0-301F-11D3-BF4B-00C04F79EFBC}") = "Transaction.Aggregator.Api", "Aggregator\Transaction.Aggregator.Api\Transaction.Aggregator.Api.csproj", "{607A17BD-8D88-4B72-B444-3FB43FFDDB77}"
EndProject
Project("{FAE04EC0-301F-11D3-BF4B-00C04F79EFBC}") = "Transaction.Aggregator.Infrastructure", "Aggregator\Transaction.Aggregator.Infrastructure\Transaction.Aggregator.Infrastructure.csproj", "{201DCAA9-9778-43C8-97D1-55ABD76D86C7}"
EndProject
Project("{FAE04EC0-301F-11D3-BF4B-00C04F79EFBC}") = "Transaction.Aggregator.Tests", "Aggregator\Transaction.Aggregator.Tests\Transaction.Aggregator.Tests.csproj", "{EC72F746-3E1A-4C27-AC8F-405B64BB9EAE}"
EndProject
Project("{2150E333-8FDC-42A3-9474-1A3956D46DE8}") = "categorization-engine", "categorization-engine", "{5ABCBF4C-C8FA-831A-DC37-9714AFE20039}"
EndProject
Project("{FAE04EC0-301F-11D3-BF4B-00C04F79EFBC}") = "Transaction.Categorization.Engine", "categorization-engine\Transaction.Categorization.Engine\Transaction.Categorization.Engine.csproj", "{7FD0715F-2784-4BE7-AEF2-80BD05B354A7}"
EndProject
Project("{2150E333-8FDC-42A3-9474-1A3956D46DE8}") = "ingestion-service", "ingestion-service", "{C7401502-F084-9181-9389-AE7036D6D5E2}"
EndProject
Project("{FAE04EC0-301F-11D3-BF4B-00C04F79EFBC}") = "Transaction.Ingestions.Worker", "ingestion-service\Transaction.Ingestions.Worker\Transaction.Ingestions.Worker.csproj", "{2648225B-5B3C-42E2-9BBD-7832C38151B0}"
EndProject
Project("{FAE04EC0-301F-11D3-BF4B-00C04F79EFBC}") = "Shared.Protos", "Shared.Protos\Shared.Protos.csproj", "{E7C0A7C1-B9B0-4407-A4D2-CCD1B488477A}"
EndProject
Project("{FAE04EC0-301F-11D3-BF4B-00C04F79EFBC}") = "Shared.Entities", "Shared.Entities\Shared.Entities.csproj", "{E6AA50D4-D58B-42FC-AFD0-0EC7EEC2F0C5}"
EndProject
Global
	GlobalSection(SolutionConfigurationPlatforms) = preSolution
		Debug|Any CPU = Debug|Any CPU
		Debug|x64 = Debug|x64
		Debug|x86 = Debug|x86
		Release|Any CPU = Release|Any CPU
		Release|x64 = Release|x64
		Release|x86 = Release|x86
	EndGlobalSection
	GlobalSection(ProjectConfigurationPlatforms) = postSolution
		{0F695134-7DCD-4ADF-B752-9D598C8CAC27}.Debug|Any CPU.ActiveCfg = Debug|Any CPU
		{0F695134-7DCD-4ADF-B752-9D598C8CAC27}.Debug|Any CPU.Build.0 = Debug|Any CPU
		{0F695134-7DCD-4ADF-B752-9D598C8CAC27}.Debug|x64.ActiveCfg = Debug|Any CPU
		{0F695134-7DCD-4ADF-B752-9D598C8CAC27}.Debug|x64.Build.0 = Debug|Any CPU
		{0F695134-7DCD-4ADF-B752-9D598C8CAC27}.Debug|x86.ActiveCfg = Debug|Any CPU
		{0F695134-7DCD-4ADF-B752-9D598C8CAC27}.Debug|x86.Build.0 = Debug|Any CPU
		{0F695134-7DCD-4ADF-B752-9D598C8CAC27}.Release|Any CPU.ActiveCfg = Release|Any CPU
		{0F695134-7DCD-4ADF-B752-9D598C8CAC27}.Release|Any CPU.Build.0 = Release|Any CPU
		{0F695134-7DCD-4ADF-B752-9D598C8CAC27}.Release|x64.ActiveCfg = Release|Any CPU
		{0F695134-7DCD-4ADF-B752-9D598C8CAC27}.Release|x64.Build.0 = Release|Any CPU
		{0F695134-7DCD-4ADF-B752-9D598C8CAC27}.Release|x86.ActiveCfg = Release|Any CPU
		{0F695134-7DCD-4ADF-B752-9D598C8CAC27}.Release|x86.Build.0 = Release|Any CPU
		{1D5A952C-60BF-4040-9FD0-80C5EF416663}.Debug|Any CPU.ActiveCfg = Debug|Any CPU
		{1D5A952C-60BF-4040-9FD0-80C5EF416663}.Debug|Any CPU.Build.0 = Debug|Any CPU
		{1D5A952C-60BF-4040-9FD0-80C5EF416663}.Debug|x64.ActiveCfg = Debug|Any CPU
		{1D5A952C-60BF-4040-9FD0-80C5EF416663}.Debug|x64.Build.0 = Debug|Any CPU
		{1D5A952C-60BF-4040-9FD0-80C5EF416663}.Debug|x86.ActiveCfg = Debug|Any CPU
		{1D5A952C-60BF-4040-9FD0-80C5EF416663}.Debug|x86.Build.0 = Debug|Any CPU
		{1D5A952C-60BF-4040-9FD0-80C5EF416663}.Release|Any CPU.ActiveCfg = Release|Any CPU
		{1D5A952C-60BF-4040-9FD0-80C5EF416663}.Release|Any CPU.Build.0 = Release|Any CPU
		{1D5A952C-60BF-4040-9FD0-80C5EF416663}.Release|x64.ActiveCfg = Release|Any CPU
		{1D5A952C-60BF-4040-9FD0-80C5EF416663}.Release|x64.Build.0 = Release|Any CPU
		{1D5A952C-60BF-4040-9FD0-80C5EF416663}.Release|x86.ActiveCfg = Release|Any CPU
		{1D5A952C-60BF-4040-9FD0-80C5EF416663}.Release|x86.Build.0 = Release|Any CPU
		{607A17BD-8D88-4B72-B444-3FB43FFDDB77}.Debug|Any CPU.ActiveCfg = Debug|Any CPU
		{607A17BD-8D88-4B72-B444-3FB43FFDDB77}.Debug|Any CPU.Build.0 = Debug|Any CPU
		{607A17BD-8D88-4B72-B444-3FB43FFDDB77}.Debug|x64.ActiveCfg = Debug|Any CPU
		{607A17BD-8D88-4B72-B444-3FB43FFDDB77}.Debug|x64.Build.0 = Debug|Any CPU
		{607A17BD-8D88-4B72-B444-3FB43FFDDB77}.Debug|x86.ActiveCfg = Debug|Any CPU
		{607A17BD-8D88-4B72-B444-3FB43FFDDB77}.Debug|x86.Build.0 = Debug|Any CPU
		{607A17BD-8D88-4B72-B444-3FB43FFDDB77}.Release|Any CPU.ActiveCfg = Release|Any CPU
		{607A17BD-8D88-4B72-B444-3FB43FFDDB77}.Release|Any CPU.Build.0 = Release|Any CPU
		{607A17BD-8D88-4B72-B444-3FB43FFDDB77}.Release|x64.ActiveCfg = Release|Any CPU
		{607A17BD-8D88-4B72-B444-3FB43FFDDB77}.Release|x64.Build.0 = Release|Any CPU
		{607A17BD-8D88-4B72-B444-3FB43FFDDB77}.Release|x86.ActiveCfg = Release|Any CPU
		{607A17BD-8D88-4B72-B444-3FB43FFDDB77}.Release|x86.Build.0 = Release|Any CPU
		{201DCAA9-9778-43C8-97D1-55ABD76D86C7}.Debug|Any CPU.ActiveCfg = Debug|Any CPU
		{201DCAA9-9778-43C8-97D1-55ABD76D86C7}.Debug|Any CPU.Build.0 = Debug|Any CPU
		{201DCAA9-9778-43C8-97D1-55ABD76D86C7}.Debug|x64.ActiveCfg = Debug|Any CPU
		{201DCAA9-9778-43C8-97D1-55ABD76D86C7}.Debug|x64.Build.0 = Debug|Any CPU
		{201DCAA9-9778-43C8-97D1-55ABD76D86C7}.Debug|x86.ActiveCfg = Debug|Any CPU
		{201DCAA9-9778-43C8-97D1-55ABD76D86C7}.Debug|x86.Build.0 = Debug|Any CPU
		{201DCAA9-9778-43C8-97D1-55ABD76D86C7}.Release|Any CPU.ActiveCfg = Release|Any CPU
		{201DCAA9-9778-43C8-97D1-55ABD76D86C7}.Release|Any CPU.Build.0 = Release|Any CPU
		{201DCAA9-9778-43C8-97D1-55ABD76D86C7}.Release|x64.ActiveCfg = Release|Any CPU
		{201DCAA9-9778-43C8-97D1-55ABD76D86C7}.Release|x64.Build.0 = Release|Any CPU
		{201DCAA9-9778-43C8-97D1-55ABD76D86C7}.Release|x86.ActiveCfg = Release|Any CPU
		{201DCAA9-9778-43C8-97D1-55ABD76D86C7}.Release|x86.Build.0 = Release|Any CPU
		{EC72F746-3E1A-4C27-AC8F-405B64BB9EAE}.Debug|Any CPU.ActiveCfg = Debug|Any CPU
		{EC72F746-3E1A-4C27-AC8F-405B64BB9EAE}.Debug|Any CPU.Build.0 = Debug|Any CPU
		{EC72F746-3E1A-4C27-AC8F-405B64BB9EAE}.Debug|x64.ActiveCfg = Debug|Any CPU
		{EC72F746-3E1A-4C27-AC8F-405B64BB9EAE}.Debug|x64.Build.0 = Debug|Any CPU
		{EC72F746-3E1A-4C27-AC8F-405B64BB9EAE}.Debug|x86.ActiveCfg = Debug|Any CPU
		{EC72F746-3E1A-4C27-AC8F-405B64BB9EAE}.Debug|x86.Build.0 = Debug|Any CPU
		{EC72F746-3E1A-4C27-AC8F-405B64BB9EAE}.Release|Any CPU.ActiveCfg = Release|Any CPU
		{EC72F746-3E1A-4C27-AC8F-405B64BB9EAE}.Release|Any CPU.Build.0 = Release|Any CPU
		{EC72F746-3E1A-4C27-AC8F-405B64BB9EAE}.Release|x64.ActiveCfg = Release|Any CPU
		{EC72F746-3E1A-4C27-AC8F-405B64BB9EAE}.Release|x64.Build.0 = Release|Any CPU
		{EC72F746-3E1A-4C27-AC8F-405B64BB9EAE}.Release|x86.ActiveCfg = Release|Any CPU
		{EC72F746-3E1A-4C27-AC8F-405B64BB9EAE}.Release|x86.Build.0 = Release|Any CPU
		{7FD0715F-2784-4BE7-AEF2-80BD05B354A7}.Debug|Any CPU.ActiveCfg = Debug|Any CPU
		{7FD0715F-2784-4BE7-AEF2-80BD05B354A7}.Debug|Any CPU.Build.0 = Debug|Any CPU
		{7FD0715F-2784-4BE7-AEF2-80BD05B354A7}.Debug|x64.ActiveCfg = Debug|Any CPU
		{7FD0715F-2784-4BE7-AEF2-80BD05B354A7}.Debug|x64.Build.0 = Debug|Any CPU
		{7FD0715F-2784-4BE7-AEF2-80BD05B354A7}.Debug|x86.ActiveCfg = Debug|Any CPU
		{7FD0715F-2784-4BE7-AEF2-80BD05B354A7}.Debug|x86.Build.0 = Debug|Any CPU
		{7FD0715F-2784-4BE7-AEF2-80BD05B354A7}.Release|Any CPU.ActiveCfg = Release|Any CPU
		{7FD0715F-2784-4BE7-AEF2-80BD05B354A7}.Release|Any CPU.Build.0 = Release|Any CPU
		{7FD0715F-2784-4BE7-AEF2-80BD05B354A7}.Release|x64.ActiveCfg = Release|Any CPU
		{7FD0715F-2784-4BE7-AEF2-80BD05B354A7}.Release|x64.Build.0 = Release|Any CPU
		{7FD0715F-2784-4BE7-AEF2-80BD05B354A7}.Release|x86.ActiveCfg = Release|Any CPU
		{7FD0715F-2784-4BE7-AEF2-80BD05B354A7}.Release|x86.Build.0 = Release|Any CPU
		{2648225B-5B3C-42E2-9BBD-7832C38151B0}.Debug|Any CPU.ActiveCfg = Debug|Any CPU
		{2648225B-5B3C-42E2-9BBD-7832C38151B0}.Debug|Any CPU.Build.0 = Debug|Any CPU
		{2648225B-5B3C-42E2-9BBD-7832C38151B0}.Debug|x64.ActiveCfg = Debug|Any CPU
		{2648225B-5B3C-42E2-9BBD-7832C38151B0}.Debug|x64.Build.0 = Debug|Any CPU
		{2648225B-5B3C-42E2-9BBD-7832C38151B0}.Debug|x86.ActiveCfg = Debug|Any CPU
		{2648225B-5B3C-42E2-9BBD-7832C38151B0}.Debug|x86.Build.0 = Debug|Any CPU
		{2648225B-5B3C-42E2-9BBD-7832C38151B0}.Release|Any CPU.ActiveCfg = Release|Any CPU
		{2648225B-5B3C-42E2-9BBD-7832C38151B0}.Release|Any CPU.Build.0 = Release|Any CPU
		{2648225B-5B3C-42E2-9BBD-7832C38151B0}.Release|x64.ActiveCfg = Release|Any CPU
		{2648225B-5B3C-42E2-9BBD-7832C38151B0}.Release|x64.Build.0 = Release|Any CPU
		{2648225B-5B3C-42E2-9BBD-7832C38151B0}.Release|x86.ActiveCfg = Release|Any CPU
		{2648225B-5B3C-42E2-9BBD-7832C38151B0}.Release|x86.Build.0 = Release|Any CPU
		{E7C0A7C1-B9B0-4407-A4D2-CCD1B488477A}.Debug|Any CPU.ActiveCfg = Debug|Any CPU
		{E7C0A7C1-B9B0-4407-A4D2-CCD1B488477A}.Debug|Any CPU.Build.0 = Debug|Any CPU
		{E7C0A7C1-B9B0-4407-A4D2-CCD1B488477A}.Debug|x64.ActiveCfg = Debug|Any CPU
		{E7C0A7C1-B9B0-4407-A4D2-CCD1B488477A}.Debug|x64.Build.0 = Debug|Any CPU
		{E7C0A7C1-B9B0-4407-A4D2-CCD1B488477A}.Debug|x86.ActiveCfg = Debug|Any CPU
		{E7C0A7C1-B9B0-4407-A4D2-CCD1B488477A}.Debug|x86.Build.0 = Debug|Any CPU
		{E7C0A7C1-B9B0-4407-A4D2-CCD1B488477A}.Release|Any CPU.ActiveCfg = Release|Any CPU
		{E7C0A7C1-B9B0-4407-A4D2-CCD1B488477A}.Release|Any CPU.Build.0 = Release|Any CPU
		{E7C0A7C1-B9B0-4407-A4D2-CCD1B488477A}.Release|x64.ActiveCfg = Release|Any CPU
		{E7C0A7C1-B9B0-4407-A4D2-CCD1B488477A}.Release|x64.Build.0 = Release|Any CPU
		{E7C0A7C1-B9B0-4407-A4D2-CCD1B488477A}.Release|x86.ActiveCfg = Release|Any CPU
		{E7C0A7C1-B9B0-4407-A4D2-CCD1B488477A}.Release|x86.Build.0 = Release|Any CPU
		{E6AA50D4-D58B-42FC-AFD0-0EC7EEC2F0C5}.Debug|Any CPU.ActiveCfg = Debug|Any CPU
		{E6AA50D4-D58B-42FC-AFD0-0EC7EEC2F0C5}.Debug|Any CPU.Build.0 = Debug|Any CPU
		{E6AA50D4-D58B-42FC-AFD0-0EC7EEC2F0C5}.Debug|x64.ActiveCfg = Debug|Any CPU
		{E6AA50D4-D58B-42FC-AFD0-0EC7EEC2F0C5}.Debug|x64.Build.0 = Debug|Any CPU
		{E6AA50D4-D58B-42FC-AFD0-0EC7EEC2F0C5}.Debug|x86.ActiveCfg = Debug|Any CPU
		{E6AA50D4-D58B-42FC-AFD0-0EC7EEC2F0C5}.Debug|x86.Build.0 = Debug|Any CPU
		{E6AA50D4-D58B-42FC-AFD0-0EC7EEC2F0C5}.Release|Any CPU.ActiveCfg = Release|Any CPU
		{E6AA50D4-D58B-42FC-AFD0-0EC7EEC2F0C5}.Release|Any CPU.Build.0 = Release|Any CPU
		{E6AA50D4-D58B-42FC-AFD0-0EC7EEC2F0C5}.Release|x64.ActiveCfg = Release|Any CPU
		{E6AA50D4-D58B-42FC-AFD0-0EC7EEC2F0C5}.Release|x64.Build.0 = Release|Any CPU
		{E6AA50D4-D58B-42FC-AFD0-0EC7EEC2F0C5}.Release|x86.ActiveCfg = Release|Any CPU
		{E6AA50D4-D58B-42FC-AFD0-0EC7EEC2F0C5}.Release|x86.Build.0 = Release|Any CPU
	EndGlobalSection
	GlobalSection(SolutionProperties) = preSolution
		HideSolutionNode = FALSE
	EndGlobalSection
	GlobalSection(NestedProjects) = preSolution
		{0F695134-7DCD-4ADF-B752-9D598C8CAC27} = {8C8EA37B-CDA0-80C0-0590-DE7C94DAFE25}
		{1D5A952C-60BF-4040-9FD0-80C5EF416663} = {8C8EA37B-CDA0-80C0-0590-DE7C94DAFE25}
		{607A17BD-8D88-4B72-B444-3FB43FFDDB77} = {8C8EA37B-CDA0-80C0-0590-DE7C94DAFE25}
		{201DCAA9-9778-43C8-97D1-55ABD76D86C7} = {8C8EA37B-CDA0-80C0-0590-DE7C94DAFE25}
		{EC72F746-3E1A-4C27-AC8F-405B64BB9EAE} = {8C8EA37B-CDA0-80C0-0590-DE7C94DAFE25}
		{7FD0715F-2784-4BE7-AEF2-80BD05B354A7} = {5ABCBF4C-C8FA-831A-DC37-9714AFE20039}
		{2648225B-5B3C-42E2-9BBD-7832C38151B0} = {C7401502-F084-9181-9389-AE7036D6D5E2}
	EndGlobalSection
EndGlobal
